{
  "name": "qr-ip",
  "version": "1.0.0",
  "lockfileVersion": 3,
  "requires": true,
  "packages": {
    "": {
      "name": "qr-ip",
      "version": "1.0.0",
      "license": "ISC",
      "dependencies": {
        "terminal-qr": "^1.0.1"
      },
      "bin": {
        "qrip": "dist/index.js"
      },
      "devDependencies": {
        "@types/node": "^20.5.6"
      }
    },
    "node_modules/@types/node": {
      "version": "20.5.6",
      "resolved": "https://registry.npmjs.org/@types/node/-/node-20.5.6.tgz",
      "integrity": "sha512-Gi5wRGPbbyOTX+4Y2iULQ27oUPrefaB0PxGQJnfyWN3kvEDGM3mIB5M/gQLmitZf7A9FmLeaqxD3L1CXpm3VKQ==",
      "dev": true
    },
    "node_modules/terminal-qr": {
      "version": "1.0.1",
      "resolved": "https://registry.npmjs.org/terminal-qr/-/terminal-qr-1.0.1.tgz",
      "integrity": "sha512-PaJXYl1RiFI7zm/44H3MYRpWopHzHraR+0/ZhGnDeC+ubC6hYa4gFHreB7QF9PtXUnywPwfhyv2xAN3twvFiMQ==",
      "dependencies": {
        "typescript": "^5.2.2"
      },
      "bin": {
        "qr": "dist/bin/qrcode-terminal.js"
      }
    },
    "node_modules/typescript": {
      "version": "5.2.2",
      "resolved": "https://registry.npmjs.org/typescript/-/typescript-5.2.2.tgz",
      "integrity": "sha512-mI4WrpHsbCIcwT9cF4FZvr80QUeKvsUsUvKDoR+X/7XHQH98xYD8YHZg7ANtz2GtZt/CBq2QJ0thkGJMHfqc1w==",
      "bin": {
        "tsc": "bin/tsc",
        "tsserver": "bin/tsserver"
      },
      "engines": {
        "node": ">=14.17"
      }
    }
  }
}
